
Microsoft Visual Studio Solution File, Format Version 12.00
Project("{FAE04EC0-301F-11D3-BF4B-00C04F79EFBC}") = "HomeDashboard.WebApplication", "HomeDashboard.WebApplication\HomeDashboard.WebApplication.csproj", "{A8E86DD6-DD32-41ED-AD65-0DD39F065CB7}"
EndProject
Project("{FAE04EC0-301F-11D3-BF4B-00C04F79EFBC}") = "HomeDashboard.Application", "HomeDashboard.Application\HomeDashboard.Application.csproj", "{57026F06-DFA9-4D48-A8E7-13B35554A5C2}"
EndProject
Project("{FAE04EC0-301F-11D3-BF4B-00C04F79EFBC}") = "HomeDashboard.Infrastructure", "HomeDashboard.Infrastructure\HomeDashboard.Infrastructure.csproj", "{2CDF659E-BEC3-43D0-B35B-5DD3F4500844}"
EndProject
Global
	GlobalSection(SolutionConfigurationPlatforms) = preSolution
		Debug|Any CPU = Debug|Any CPU
		Release|Any CPU = Release|Any CPU
	EndGlobalSection
	GlobalSection(ProjectConfigurationPlatforms) = postSolution
		{A8E86DD6-DD32-41ED-AD65-0DD39F065CB7}.Debug|Any CPU.ActiveCfg = Debug|Any CPU
		{A8E86DD6-DD32-41ED-AD65-0DD39F065CB7}.Debug|Any CPU.Build.0 = Debug|Any CPU
		{A8E86DD6-DD32-41ED-AD65-0DD39F065CB7}.Release|Any CPU.ActiveCfg = Release|Any CPU
		{A8E86DD6-DD32-41ED-AD65-0DD39F065CB7}.Release|Any CPU.Build.0 = Release|Any CPU
		{57026F06-DFA9-4D48-A8E7-13B35554A5C2}.Debug|Any CPU.ActiveCfg = Debug|Any CPU
		{57026F06-DFA9-4D48-A8E7-13B35554A5C2}.Debug|Any CPU.Build.0 = Debug|Any CPU
		{57026F06-DFA9-4D48-A8E7-13B35554A5C2}.Release|Any CPU.ActiveCfg = Release|Any CPU
		{57026F06-DFA9-4D48-A8E7-13B35554A5C2}.Release|Any CPU.Build.0 = Release|Any CPU
		{2CDF659E-BEC3-43D0-B35B-5DD3F4500844}.Debug|Any CPU.ActiveCfg = Debug|Any CPU
		{2CDF659E-BEC3-43D0-B35B-5DD3F4500844}.Debug|Any CPU.Build.0 = Debug|Any CPU
		{2CDF659E-BEC3-43D0-B35B-5DD3F4500844}.Release|Any CPU.ActiveCfg = Release|Any CPU
		{2CDF659E-BEC3-43D0-B35B-5DD3F4500844}.Release|Any CPU.Build.0 = Release|Any CPU
	EndGlobalSection
EndGlobal
